
Microsoft Visual Studio Solution File, Format Version 12.00
# Visual Studio 15
VisualStudioVersion = 15.0.26730.16
MinimumVisualStudioVersion = 10.0.40219.1
Project("{FAE04EC0-301F-11D3-BF4B-00C04F79EFBC}") = "PasswordGenerator", "PasswordGenerator\PasswordGenerator.csproj", "{5FAC4E77-77FB-4FD4-8236-3495C6FCE399}"
EndProject
Global
	GlobalSection(SolutionConfigurationPlatforms) = preSolution
		Debug|Any CPU = Debug|Any CPU
		Release|Any CPU = Release|Any CPU
	EndGlobalSection
	GlobalSection(ProjectConfigurationPlatforms) = postSolution
		{5FAC4E77-77FB-4FD4-8236-3495C6FCE399}.Debug|Any CPU.ActiveCfg = Debug|Any CPU
		{5FAC4E77-77FB-4FD4-8236-3495C6FCE399}.Debug|Any CPU.Build.0 = Debug|Any CPU
		{5FAC4E77-77FB-4FD4-8236-3495C6FCE399}.Release|Any CPU.ActiveCfg = Release|Any CPU
		{5FAC4E77-77FB-4FD4-8236-3495C6FCE399}.Release|Any CPU.Build.0 = Release|Any CPU
	EndGlobalSection
	GlobalSection(SolutionProperties) = preSolution
		HideSolutionNode = FALSE
	EndGlobalSection
	GlobalSection(ExtensibilityGlobals) = postSolution
		SolutionGuid = {7A1F20EE-0A8D-4280-AA8E-4333FAABC174}
	EndGlobalSection
EndGlobal
